# This file is autogenerated, do not edit; changes may be undone by the next 'dep ensure'.


[[projects]]
  name = "github.com/normegil/interval"
  packages = ["."]
  revision = "6a4db9690b8f4f448a02f7c286e6e68b45e00f9c"
  version = "0.0.1"

[[projects]]
  name = "github.com/pkg/errors"
  packages = ["."]
  revision = "c605e284fe17294bda444b34710735b29d1a9d90"

[solve-meta]
  analyzer-name = "dep"
  analyzer-version = 1
  inputs-digest = "dc818b4628e13a23a1b757fc2be966b7413925232866a5dfd8070f7edca98d4d"
  solver-name = "gps-cdcl"
  solver-version = 1
